// !$*UTF8*$!
{
	archiveVersion = 1;
	classes = {
	};
	objectVersion = 46;
	objects = {

/* Begin PBXBuildFile section */
		2302E8E91C57AC2700D49512 /* ViewController.m in Sources */ = {isa = PBXBuildFile; fileRef = 2302E8E81C57AC2700D49512 /* ViewController.m */; };
		2302E8EE1C57AC3C00D49512 /* SystemSettingManager.m in Sources */ = {isa = PBXBuildFile; fileRef = 2302E8EB1C57AC3C00D49512 /* SystemSettingManager.m */; };
		2302E8EF1C57AC3C00D49512 /* TopicColorManager.m in Sources */ = {isa = PBXBuildFile; fileRef = 2302E8ED1C57AC3C00D49512 /* TopicColorManager.m */; };
		2302E8F61C57AC5400D49512 /* ThemeCell.m in Sources */ = {isa = PBXBuildFile; fileRef = 2302E8F31C57AC5400D49512 /* ThemeCell.m */; };
		2302E8F71C57AC5400D49512 /* ThemeCell.xib in Resources */ = {isa = PBXBuildFile; fileRef = 2302E8F41C57AC5400D49512 /* ThemeCell.xib */; };
		2302E8FB1C57AC7B00D49512 /* BaseViewController.m in Sources */ = {isa = PBXBuildFile; fileRef = 2302E8FA1C57AC7B00D49512 /* BaseViewController.m */; };
		2302E8FE1C57AC9300D49512 /* BaseTableCell.m in Sources */ = {isa = PBXBuildFile; fileRef = 2302E8FD1C57AC9300D49512 /* BaseTableCell.m */; };
		2302E9101C57B3A200D49512 /* white.png in Resources */ = {isa = PBXBuildFile; fileRef = 2302E90E1C57B3A200D49512 /* white.png */; };
		2302E9111C57B3A200D49512 /* black.png in Resources */ = {isa = PBXBuildFile; fileRef = 2302E90F1C57B3A200D49512 /* black.png */; };
		236FE82F1C57593000D1C463 /* main.m in Sources */ = {isa = PBXBuildFile; fileRef = 236FE82E1C57593000D1C463 /* main.m */; };
		236FE8321C57593000D1C463 /* AppDelegate.m in Sources */ = {isa = PBXBuildFile; fileRef = 236FE8311C57593000D1C463 /* AppDelegate.m */; };
		236FE8381C57593000D1C463 /* Main.storyboard in Resources */ = {isa = PBXBuildFile; fileRef = 236FE8361C57593000D1C463 /* Main.storyboard */; };
		236FE83B1C57593000D1C463 /* RACSignal.xcdatamodeld in Sources */ = {isa = PBXBuildFile; fileRef = 236FE8391C57593000D1C463 /* RACSignal.xcdatamodeld */; };
		236FE83D1C57593000D1C463 /* Assets.xcassets in Resources */ = {isa = PBXBuildFile; fileRef = 236FE83C1C57593000D1C463 /* Assets.xcassets */; };
		236FE8401C57593000D1C463 /* LaunchScreen.storyboard in Resources */ = {isa = PBXBuildFile; fileRef = 236FE83E1C57593000D1C463 /* LaunchScreen.storyboard */; };
		236FE8791C576D8600D1C463 /* jianshu.png in Resources */ = {isa = PBXBuildFile; fileRef = 236FE8781C576D8600D1C463 /* jianshu.png */; };
/* End PBXBuildFile section */

/* Begin PBXFileReference section */
		2302E8E71C57AC2700D49512 /* ViewController.h */ = {isa = PBXFileReference; fileEncoding = 4; lastKnownFileType = sourcecode.c.h; path = ViewController.h; sourceTree = "<group>"; };
		2302E8E81C57AC2700D49512 /* ViewController.m */ = {isa = PBXFileReference; fileEncoding = 4; lastKnownFileType = sourcecode.c.objc; path = ViewController.m; sourceTree = "<group>"; };
		2302E8EA1C57AC3C00D49512 /* SystemSettingManager.h */ = {isa = PBXFileReference; fileEncoding = 4; lastKnownFileType = sourcecode.c.h; path = SystemSettingManager.h; sourceTree = "<group>"; };
		2302E8EB1C57AC3C00D49512 /* SystemSettingManager.m */ = {isa = PBXFileReference; fileEncoding = 4; lastKnownFileType = sourcecode.c.objc; path = SystemSettingManager.m; sourceTree = "<group>"; };
		2302E8EC1C57AC3C00D49512 /* TopicColorManager.h */ = {isa = PBXFileReference; fileEncoding = 4; lastKnownFileType = sourcecode.c.h; path = TopicColorManager.h; sourceTree = "<group>"; };
		2302E8ED1C57AC3C00D49512 /* TopicColorManager.m */ = {isa = PBXFileReference; fileEncoding = 4; lastKnownFileType = sourcecode.c.objc; path = TopicColorManager.m; sourceTree = "<group>"; };
		2302E8F21C57AC5400D49512 /* ThemeCell.h */ = {isa = PBXFileReference; fileEncoding = 4; lastKnownFileType = sourcecode.c.h; path = ThemeCell.h; sourceTree = "<group>"; };
		2302E8F31C57AC5400D49512 /* ThemeCell.m */ = {isa = PBXFileReference; fileEncoding = 4; lastKnownFileType = sourcecode.c.objc; path = ThemeCell.m; sourceTree = "<group>"; };
		2302E8F41C57AC5400D49512 /* ThemeCell.xib */ = {isa = PBXFileReference; fileEncoding = 4; lastKnownFileType = file.xib; path = ThemeCell.xib; sourceTree = "<group>"; };
		2302E8F91C57AC7B00D49512 /* BaseViewController.h */ = {isa = PBXFileReference; fileEncoding = 4; lastKnownFileType = sourcecode.c.h; path = BaseViewController.h; sourceTree = "<group>"; };
		2302E8FA1C57AC7B00D49512 /* BaseViewController.m */ = {isa = PBXFileReference; fileEncoding = 4; lastKnownFileType = sourcecode.c.objc; path = BaseViewController.m; sourceTree = "<group>"; };
		2302E8FC1C57AC9300D49512 /* BaseTableCell.h */ = {isa = PBXFileReference; fileEncoding = 4; lastKnownFileType = sourcecode.c.h; path = BaseTableCell.h; sourceTree = "<group>"; };
		2302E8FD1C57AC9300D49512 /* BaseTableCell.m */ = {isa = PBXFileReference; fileEncoding = 4; lastKnownFileType = sourcecode.c.objc; path = BaseTableCell.m; sourceTree = "<group>"; };
		2302E90E1C57B3A200D49512 /* white.png */ = {isa = PBXFileReference; lastKnownFileType = image.png; path = white.png; sourceTree = "<group>"; };
		2302E90F1C57B3A200D49512 /* black.png */ = {isa = PBXFileReference; lastKnownFileType = image.png; path = black.png; sourceTree = "<group>"; };
		236FE82A1C57593000D1C463 /* SkinPerlerDesign.temp_caseinsensitive_rename.app */ = {isa = PBXFileReference; explicitFileType = wrapper.application; includeInIndex = 0; path = SkinPerlerDesign.temp_caseinsensitive_rename.app; sourceTree = BUILT_PRODUCTS_DIR; };
		236FE82E1C57593000D1C463 /* main.m */ = {isa = PBXFileReference; lastKnownFileType = sourcecode.c.objc; path = main.m; sourceTree = "<group>"; };
		236FE8301C57593000D1C463 /* AppDelegate.h */ = {isa = PBXFileReference; lastKnownFileType = sourcecode.c.h; path = AppDelegate.h; sourceTree = "<group>"; };
		236FE8311C57593000D1C463 /* AppDelegate.m */ = {isa = PBXFileReference; lastKnownFileType = sourcecode.c.objc; path = AppDelegate.m; sourceTree = "<group>"; };
		236FE8371C57593000D1C463 /* Base */ = {isa = PBXFileReference; lastKnownFileType = file.storyboard; name = Base; path = Base.lproj/Main.storyboard; sourceTree = "<group>"; };
		236FE83A1C57593000D1C463 /* RACSignal.xcdatamodel */ = {isa = PBXFileReference; lastKnownFileType = wrapper.xcdatamodel; path = RACSignal.xcdatamodel; sourceTree = "<group>"; };
		236FE83C1C57593000D1C463 /* Assets.xcassets */ = {isa = PBXFileReference; lastKnownFileType = folder.assetcatalog; path = Assets.xcassets; sourceTree = "<group>"; };
		236FE83F1C57593000D1C463 /* Base */ = {isa = PBXFileReference; lastKnownFileType = file.storyboard; name = Base; path = Base.lproj/LaunchScreen.storyboard; sourceTree = "<group>"; };
		236FE8411C57593000D1C463 /* Info.plist */ = {isa = PBXFileReference; lastKnownFileType = text.plist.xml; path = Info.plist; sourceTree = "<group>"; };
		236FE8781C576D8600D1C463 /* jianshu.png */ = {isa = PBXFileReference; lastKnownFileType = image.png; path = jianshu.png; sourceTree = "<group>"; };
/* End PBXFileReference section */

/* Begin PBXFrameworksBuildPhase section */
		236FE8271C57593000D1C463 /* Frameworks */ = {
			isa = PBXFrameworksBuildPhase;
			buildActionMask = 2147483647;
			files = (
			);
			runOnlyForDeploymentPostprocessing = 0;
		};
/* End PBXFrameworksBuildPhase section */

/* Begin PBXGroup section */
		2302E8E41C57AC0C00D49512 /* Controller */ = {
			isa = PBXGroup;
			children = (
				2302E8E71C57AC2700D49512 /* ViewController.h */,
				2302E8E81C57AC2700D49512 /* ViewController.m */,
			);
			path = Controller;
			sourceTree = "<group>";
		};
		2302E8E51C57AC0C00D49512 /* TopicColorManager */ = {
			isa = PBXGroup;
			children = (
				2302E8EA1C57AC3C00D49512 /* SystemSettingManager.h */,
				2302E8EB1C57AC3C00D49512 /* SystemSettingManager.m */,
				2302E8EC1C57AC3C00D49512 /* TopicColorManager.h */,
				2302E8ED1C57AC3C00D49512 /* TopicColorManager.m */,
			);
			path = TopicColorManager;
			sourceTree = "<group>";
		};
		2302E8E61C57AC0C00D49512 /* View */ = {
			isa = PBXGroup;
			children = (
				2302E8F21C57AC5400D49512 /* ThemeCell.h */,
				2302E8F31C57AC5400D49512 /* ThemeCell.m */,
				2302E8F41C57AC5400D49512 /* ThemeCell.xib */,
			);
			path = View;
			sourceTree = "<group>";
		};
		2302E8F81C57AC6D00D49512 /* Base */ = {
			isa = PBXGroup;
			children = (
				2302E8FC1C57AC9300D49512 /* BaseTableCell.h */,
				2302E8FD1C57AC9300D49512 /* BaseTableCell.m */,
				2302E8F91C57AC7B00D49512 /* BaseViewController.h */,
				2302E8FA1C57AC7B00D49512 /* BaseViewController.m */,
			);
			path = Base;
			sourceTree = "<group>";
		};
		2302E8FF1C57AE0700D49512 /* ScreenShot */ = {
			isa = PBXGroup;
			children = (
				2302E90E1C57B3A200D49512 /* white.png */,
				2302E90F1C57B3A200D49512 /* black.png */,
			);
			path = ScreenShot;
			sourceTree = "<group>";
		};
		236FE8211C57593000D1C463 = {
			isa = PBXGroup;
			children = (
				236FE82C1C57593000D1C463 /* skinPerlerDesign */,
				236FE82B1C57593000D1C463 /* Products */,
			);
			sourceTree = "<group>";
		};
		236FE82B1C57593000D1C463 /* Products */ = {
			isa = PBXGroup;
			children = (
				236FE82A1C57593000D1C463 /* SkinPerlerDesign.temp_caseinsensitive_rename.app */,
			);
			name = Products;
			sourceTree = "<group>";
		};
		236FE82C1C57593000D1C463 /* skinPerlerDesign */ = {
			isa = PBXGroup;
			children = (
				2302E8FF1C57AE0700D49512 /* ScreenShot */,
				2302E8F81C57AC6D00D49512 /* Base */,
				2302E8E41C57AC0C00D49512 /* Controller */,
				2302E8E51C57AC0C00D49512 /* TopicColorManager */,
				2302E8E61C57AC0C00D49512 /* View */,
				236FE8301C57593000D1C463 /* AppDelegate.h */,
				236FE8311C57593000D1C463 /* AppDelegate.m */,
				236FE8361C57593000D1C463 /* Main.storyboard */,
				236FE83C1C57593000D1C463 /* Assets.xcassets */,
				236FE83E1C57593000D1C463 /* LaunchScreen.storyboard */,
				236FE8411C57593000D1C463 /* Info.plist */,
				236FE8781C576D8600D1C463 /* jianshu.png */,
				236FE8391C57593000D1C463 /* RACSignal.xcdatamodeld */,
				236FE82D1C57593000D1C463 /* Supporting Files */,
			);
			name = skinPerlerDesign;
			path = RACSignal;
			sourceTree = "<group>";
		};
		236FE82D1C57593000D1C463 /* Supporting Files */ = {
			isa = PBXGroup;
			children = (
				236FE82E1C57593000D1C463 /* main.m */,
			);
			name = "Supporting Files";
			sourceTree = "<group>";
		};
/* End PBXGroup section */

/* Begin PBXNativeTarget section */
		236FE8291C57593000D1C463 /* skinPerlerDesign */ = {
			isa = PBXNativeTarget;
			buildConfigurationList = 236FE85A1C57593000D1C463 /* Build configuration list for PBXNativeTarget "skinPerlerDesign" */;
			buildPhases = (
				236FE8261C57593000D1C463 /* Sources */,
				236FE8271C57593000D1C463 /* Frameworks */,
				236FE8281C57593000D1C463 /* Resources */,
			);
			buildRules = (
			);
			dependencies = (
			);
			name = skinPerlerDesign;
			productName = RACSignal;
			productReference = 236FE82A1C57593000D1C463 /* SkinPerlerDesign.temp_caseinsensitive_rename.app */;
			productType = "com.apple.product-type.application";
		};
/* End PBXNativeTarget section */

/* Begin PBXProject section */
		236FE8221C57593000D1C463 /* Project object */ = {
			isa = PBXProject;
			attributes = {
				LastUpgradeCheck = 0720;
				ORGANIZATIONNAME = "上海乐住信息技术有限公司";
				TargetAttributes = {
					236FE8291C57593000D1C463 = {
						CreatedOnToolsVersion = 7.2;
						DevelopmentTeam = CU4XLCPFAU;
					};
				};
			};
			buildConfigurationList = 236FE8251C57593000D1C463 /* Build configuration list for PBXProject "SkinPerlerDesign" */;
			compatibilityVersion = "Xcode 3.2";
			developmentRegion = English;
			hasScannedForEncodings = 0;
			knownRegions = (
				en,
				Base,
			);
			mainGroup = 236FE8211C57593000D1C463;
			productRefGroup = 236FE82B1C57593000D1C463 /* Products */;
			projectDirPath = "";
			projectRoot = "";
			targets = (
				236FE8291C57593000D1C463 /* skinPerlerDesign */,
			);
		};
/* End PBXProject section */

/* Begin PBXResourcesBuildPhase section */
		236FE8281C57593000D1C463 /* Resources */ = {
			isa = PBXResourcesBuildPhase;
			buildActionMask = 2147483647;
			files = (
				236FE8401C57593000D1C463 /* LaunchScreen.storyboard in Resources */,
				2302E9111C57B3A200D49512 /* black.png in Resources */,
				236FE8791C576D8600D1C463 /* jianshu.png in Resources */,
				236FE83D1C57593000D1C463 /* Assets.xcassets in Resources */,
				2302E8F71C57AC5400D49512 /* ThemeCell.xib in Resources */,
				236FE8381C57593000D1C463 /* Main.storyboard in Resources */,
				2302E9101C57B3A200D49512 /* white.png in Resources */,
			);
			runOnlyForDeploymentPostprocessing = 0;
		};
/* End PBXResourcesBuildPhase section */

/* Begin PBXSourcesBuildPhase section */
		236FE8261C57593000D1C463 /* Sources */ = {
			isa = PBXSourcesBuildPhase;
			buildActionMask = 2147483647;
			files = (
				2302E8FE1C57AC9300D49512 /* BaseTableCell.m in Sources */,
				2302E8E91C57AC2700D49512 /* ViewController.m in Sources */,
				2302E8FB1C57AC7B00D49512 /* BaseViewController.m in Sources */,
				236FE8321C57593000D1C463 /* AppDelegate.m in Sources */,
				236FE83B1C57593000D1C463 /* RACSignal.xcdatamodeld in Sources */,
				236FE82F1C57593000D1C463 /* main.m in Sources */,
				2302E8F61C57AC5400D49512 /* ThemeCell.m in Sources */,
				2302E8EE1C57AC3C00D49512 /* SystemSettingManager.m in Sources */,
				2302E8EF1C57AC3C00D49512 /* TopicColorManager.m in Sources */,
			);
			runOnlyForDeploymentPostprocessing = 0;
		};
/* End PBXSourcesBuildPhase section */

/* Begin PBXVariantGroup section */
		236FE8361C57593000D1C463 /* Main.storyboard */ = {
			isa = PBXVariantGroup;
			children = (
				236FE8371C57593000D1C463 /* Base */,
			);
			name = Main.storyboard;
			sourceTree = "<group>";
		};
		236FE83E1C57593000D1C463 /* LaunchScreen.storyboard */ = {
			isa = PBXVariantGroup;
			children = (
				236FE83F1C57593000D1C463 /* Base */,
			);
			name = LaunchScreen.storyboard;
			sourceTree = "<group>";
		};
/* End PBXVariantGroup section */

/* Begin XCBuildConfiguration section */
		236FE8581C57593000D1C463 /* Debug */ = {
			isa = XCBuildConfiguration;
			buildSettings = {
				ALWAYS_SEARCH_USER_PATHS = NO;
				CLANG_CXX_LANGUAGE_STANDARD = "gnu++0x";
				CLANG_CXX_LIBRARY = "libc++";
				CLANG_ENABLE_MODULES = YES;
				CLANG_ENABLE_OBJC_ARC = YES;
				CLANG_WARN_BOOL_CONVERSION = YES;
				CLANG_WARN_CONSTANT_CONVERSION = YES;
				CLANG_WARN_DIRECT_OBJC_ISA_USAGE = YES_ERROR;
				CLANG_WARN_EMPTY_BODY = YES;
				CLANG_WARN_ENUM_CONVERSION = YES;
				CLANG_WARN_INT_CONVERSION = YES;
				CLANG_WARN_OBJC_ROOT_CLASS = YES_ERROR;
				CLANG_WARN_UNREACHABLE_CODE = YES;
				CLANG_WARN__DUPLICATE_METHOD_MATCH = YES;
				"CODE_SIGN_IDENTITY[sdk=iphoneos*]" = "iPhone Developer";
				COPY_PHASE_STRIP = NO;
				DEBUG_INFORMATION_FORMAT = dwarf;
				ENABLE_STRICT_OBJC_MSGSEND = YES;
				ENABLE_TESTABILITY = YES;
				GCC_C_LANGUAGE_STANDARD = gnu99;
				GCC_DYNAMIC_NO_PIC = NO;
				GCC_NO_COMMON_BLOCKS = YES;
				GCC_OPTIMIZATION_LEVEL = 0;
				GCC_PREPROCESSOR_DEFINITIONS = (
					"DEBUG=1",
					"$(inherited)",
				);
				GCC_WARN_64_TO_32_BIT_CONVERSION = YES;
				GCC_WARN_ABOUT_RETURN_TYPE = YES_ERROR;
				GCC_WARN_UNDECLARED_SELECTOR = YES;
				GCC_WARN_UNINITIALIZED_AUTOS = YES_AGGRESSIVE;
				GCC_WARN_UNUSED_FUNCTION = YES;
				GCC_WARN_UNUSED_VARIABLE = YES;
				IPHONEOS_DEPLOYMENT_TARGET = 9.2;
				MTL_ENABLE_DEBUG_INFO = YES;
				ONLY_ACTIVE_ARCH = YES;
				SDKROOT = iphoneos;
				TARGETED_DEVICE_FAMILY = "1,2";
			};
			name = Debug;
		};
		236FE8591C57593000D1C463 /* Release */ = {
			isa = XCBuildConfiguration;
			buildSettings = {
				ALWAYS_SEARCH_USER_PATHS = NO;
				CLANG_CXX_LANGUAGE_STANDARD = "gnu++0x";
				CLANG_CXX_LIBRARY = "libc++";
				CLANG_ENABLE_MODULES = YES;
				CLANG_ENABLE_OBJC_ARC = YES;
				CLANG_WARN_BOOL_CONVERSION = YES;
				CLANG_WARN_CONSTANT_CONVERSION = YES;
				CLANG_WARN_DIRECT_OBJC_ISA_USAGE = YES_ERROR;
				CLANG_WARN_EMPTY_BODY = YES;
				CLANG_WARN_ENUM_CONVERSION = YES;
				CLANG_WARN_INT_CONVERSION = YES;
				CLANG_WARN_OBJC_ROOT_CLASS = YES_ERROR;
				CLANG_WARN_UNREACHABLE_CODE = YES;
				CLANG_WARN__DUPLICATE_METHOD_MATCH = YES;
				"CODE_SIGN_IDENTITY[sdk=iphoneos*]" = "iPhone Developer";
				COPY_PHASE_STRIP = NO;
				DEBUG_INFORMATION_FORMAT = "dwarf-with-dsym";
				ENABLE_NS_ASSERTIONS = NO;
				ENABLE_STRICT_OBJC_MSGSEND = YES;
				GCC_C_LANGUAGE_STANDARD = gnu99;
				GCC_NO_COMMON_BLOCKS = YES;
				GCC_WARN_64_TO_32_BIT_CONVERSION = YES;
				GCC_WARN_ABOUT_RETURN_TYPE = YES_ERROR;
				GCC_WARN_UNDECLARED_SELECTOR = YES;
				GCC_WARN_UNINITIALIZED_AUTOS = YES_AGGRESSIVE;
				GCC_WARN_UNUSED_FUNCTION = YES;
				GCC_WARN_UNUSED_VARIABLE = YES;
				IPHONEOS_DEPLOYMENT_TARGET = 9.2;
				MTL_ENABLE_DEBUG_INFO = NO;
				SDKROOT = iphoneos;
				TARGETED_DEVICE_FAMILY = "1,2";
				VALIDATE_PRODUCT = YES;
			};
			name = Release;
		};
		236FE85B1C57593000D1C463 /* Debug */ = {
			isa = XCBuildConfiguration;
			buildSettings = {
				ASSETCATALOG_COMPILER_APPICON_NAME = AppIcon;
				CODE_SIGN_IDENTITY = "iPhone Developer";
				INFOPLIST_FILE = RACSignal/Info.plist;
				LD_RUNPATH_SEARCH_PATHS = "$(inherited) @executable_path/Frameworks";
				PRODUCT_BUNDLE_IDENTIFIER = com.wpf.PayDemo;
				PRODUCT_NAME = SkinPerlerDesign.temp_caseinsensitive_rename;
			};
			name = Debug;
		};
		236FE85C1C57593000D1C463 /* Release */ = {
			isa = XCBuildConfiguration;
			buildSettings = {
				ASSETCATALOG_COMPILER_APPICON_NAME = AppIcon;
				CODE_SIGN_IDENTITY = "iPhone Developer";
				INFOPLIST_FILE = RACSignal/Info.plist;
				LD_RUNPATH_SEARCH_PATHS = "$(inherited) @executable_path/Frameworks";
				PRODUCT_BUNDLE_IDENTIFIER = com.wpf.PayDemo;
				PRODUCT_NAME = SkinPerlerDesign.temp_caseinsensitive_rename;
			};
			name = Release;
		};
/* End XCBuildConfiguration section */

/* Begin XCConfigurationList section */
		236FE8251C57593000D1C463 /* Build configuration list for PBXProject "SkinPerlerDesign" */ = {
			isa = XCConfigurationList;
			buildConfigurations = (
				236FE8581C57593000D1C463 /* Debug */,
				236FE8591C57593000D1C463 /* Release */,
			);
			defaultConfigurationIsVisible = 0;
			defaultConfigurationName = Release;
		};
		236FE85A1C57593000D1C463 /* Build configuration list for PBXNativeTarget "skinPerlerDesign" */ = {
			isa = XCConfigurationList;
			buildConfigurations = (
				236FE85B1C57593000D1C463 /* Debug */,
				236FE85C1C57593000D1C463 /* Release */,
			);
			defaultConfigurationIsVisible = 0;
			defaultConfigurationName = Release;
		};
/* End XCConfigurationList section */

/* Begin XCVersionGroup section */
		236FE8391C57593000D1C463 /* RACSignal.xcdatamodeld */ = {
			isa = XCVersionGroup;
			children = (
				236FE83A1C57593000D1C463 /* RACSignal.xcdatamodel */,
			);
			currentVersion = 236FE83A1C57593000D1C463 /* RACSignal.xcdatamodel */;
			path = RACSignal.xcdatamodeld;
			sourceTree = "<group>";
			versionGroupType = wrapper.xcdatamodel;
		};
/* End XCVersionGroup section */
	};
	rootObject = 236FE8221C57593000D1C463 /* Project object */;
}
